{
  "name": "html-js-task",
  "version": "1.0.0",
  "lockfileVersion": 3,
  "requires": true,
  "packages": {
    "": {
      "name": "html-js-task",
      "version": "1.0.0",
      "license": "ISC",
      "dependencies": {
        "@figit/fig-kiwi": "^0.2.0"
      }
    },
    "node_modules/@figit/fig-kiwi": {
      "version": "0.2.0",
      "resolved": "https://registry.npmjs.org/@figit/fig-kiwi/-/fig-kiwi-0.2.0.tgz",
      "integrity": "sha512-OjuYSSb2lk4mBAF8uAnONW8ORtlpgFV0qxMogxXlzh74BWCVCFRlAzS8VLAe5FO26Sb+QXrbHhsC1J4rRnO7xw==",
      "license": "MIT",
      "dependencies": {
        "fflate": "^0.8.2",
        "fzstd": "^0.1.1"
      },
      "engines": {
        "node": ">=20"
      }
    },
    "node_modules/fflate": {
      "version": "0.8.3",
      "resolved": "https://registry.npmjs.org/fflate/-/fflate-0.8.3.tgz",
      "integrity": "sha512-tbZNuJrLwGUp3zshBtdy4W+ORxZuIh8a5ilyIEQDC5rY1f3U20JMry0Ll3WBzU58EZKsEuJFXhb5gwv8CsPvgA==",
      "license": "MIT"
    },
    "node_modules/fzstd": {
      "version": "0.1.1",
      "resolved": "https://registry.npmjs.org/fzstd/-/fzstd-0.1.1.tgz",
      "integrity": "sha512-dkuVSOKKwh3eas5VkJy1AW1vFpet8TA/fGmVA5krThl8YcOVE/8ZIoEA1+U1vEn5ckxxhLirSdY837azmbaNHA==",
      "license": "MIT"
    }
  }
}
